// !$*UTF8*$!
{
	archiveVersion = 1;
	classes = {
	};
	objectVersion = 56;
	objects = {

/* Begin PBXBuildFile section */
		5B07E67F2BC6A43E001E5DFF /* CurrentUserProfieView.swift in Sources */ = {isa = PBXBuildFile; fileRef = 5B07E67E2BC6A43E001E5DFF /* CurrentUserProfieView.swift */; };
		5B07E6812BC6A6A4001E5DFF /* ProfileHeaderView.swift in Sources */ = {isa = PBXBuildFile; fileRef = 5B07E6802BC6A6A4001E5DFF /* ProfileHeaderView.swift */; };
		5B07E6832BC6A6BA001E5DFF /* PostGridView.swift in Sources */ = {isa = PBXBuildFile; fileRef = 5B07E6822BC6A6BA001E5DFF /* PostGridView.swift */; };
		5B07E6872BC6BB2B001E5DFF /* UserStartView.swift in Sources */ = {isa = PBXBuildFile; fileRef = 5B07E6862BC6BB2B001E5DFF /* UserStartView.swift */; };
		5B07E6892BC6BFD8001E5DFF /* Post.swift in Sources */ = {isa = PBXBuildFile; fileRef = 5B07E6882BC6BFD8001E5DFF /* Post.swift */; };
		5B07E68E2BC6C0C9001E5DFF /* FeedViewModel.swift in Sources */ = {isa = PBXBuildFile; fileRef = 5B07E68D2BC6C0C9001E5DFF /* FeedViewModel.swift */; };
		5B07E6902BC6C6BE001E5DFF /* CustomViewPlayer.swift in Sources */ = {isa = PBXBuildFile; fileRef = 5B07E68F2BC6C6BE001E5DFF /* CustomViewPlayer.swift */; };
		5B967C312BC8290D0017E9E3 /* DotsView.swift in Sources */ = {isa = PBXBuildFile; fileRef = 5B967C302BC8290D0017E9E3 /* DotsView.swift */; };
		5BDA50A02BD2A24C008F0A18 /* HomeModel.swift in Sources */ = {isa = PBXBuildFile; fileRef = 5BDA509F2BD2A24C008F0A18 /* HomeModel.swift */; };
		5BE719232BC3A2E1008F70B4 /* TikTokCloneAppApp.swift in Sources */ = {isa = PBXBuildFile; fileRef = 5BE719222BC3A2E1008F70B4 /* TikTokCloneAppApp.swift */; };
		5BE719272BC3A2E3008F70B4 /* Assets.xcassets in Resources */ = {isa = PBXBuildFile; fileRef = 5BE719262BC3A2E3008F70B4 /* Assets.xcassets */; };
		5BE7192A2BC3A2E3008F70B4 /* Preview Assets.xcassets in Resources */ = {isa = PBXBuildFile; fileRef = 5BE719292BC3A2E3008F70B4 /* Preview Assets.xcassets */; };
		5BE719402BC3A592008F70B4 /* MainView.swift in Sources */ = {isa = PBXBuildFile; fileRef = 5BE7193F2BC3A592008F70B4 /* MainView.swift */; };
		5BE719422BC40AEF008F70B4 /* NewFeedView.swift in Sources */ = {isa = PBXBuildFile; fileRef = 5BE719412BC40AEF008F70B4 /* NewFeedView.swift */; };
		5BE719442BC40CC3008F70B4 /* NewFeedCell.swift in Sources */ = {isa = PBXBuildFile; fileRef = 5BE719432BC40CC3008F70B4 /* NewFeedCell.swift */; };
		5BE719462BC413E1008F70B4 /* ExploreView.swift in Sources */ = {isa = PBXBuildFile; fileRef = 5BE719452BC413E1008F70B4 /* ExploreView.swift */; };
		5BE719482BC41400008F70B4 /* UserCell.swift in Sources */ = {isa = PBXBuildFile; fileRef = 5BE719472BC41400008F70B4 /* UserCell.swift */; };
		5BE7194A2BC41608008F70B4 /* NotificationView.swift in Sources */ = {isa = PBXBuildFile; fileRef = 5BE719492BC41608008F70B4 /* NotificationView.swift */; };
		5BE7194C2BC41612008F70B4 /* NotificationCell.swift in Sources */ = {isa = PBXBuildFile; fileRef = 5BE7194B2BC41612008F70B4 /* NotificationCell.swift */; };
		5BE820CD2BC9407100FC6540 /* TabBarView.swift in Sources */ = {isa = PBXBuildFile; fileRef = 5BE820CC2BC9407100FC6540 /* TabBarView.swift */; };
		5BE820CF2BC96FB800FC6540 /* MarqueeText.swift in Sources */ = {isa = PBXBuildFile; fileRef = 5BE820CE2BC96FB800FC6540 /* MarqueeText.swift */; };
/* End PBXBuildFile section */

/* Begin PBXFileReference section */
		5B07E67E2BC6A43E001E5DFF /* CurrentUserProfieView.swift */ = {isa = PBXFileReference; lastKnownFileType = sourcecode.swift; path = CurrentUserProfieView.swift; sourceTree = "<group>"; };
		5B07E6802BC6A6A4001E5DFF /* ProfileHeaderView.swift */ = {isa = PBXFileReference; lastKnownFileType = sourcecode.swift; path = ProfileHeaderView.swift; sourceTree = "<group>"; };
		5B07E6822BC6A6BA001E5DFF /* PostGridView.swift */ = {isa = PBXFileReference; lastKnownFileType = sourcecode.swift; path = PostGridView.swift; sourceTree = "<group>"; };
		5B07E6862BC6BB2B001E5DFF /* UserStartView.swift */ = {isa = PBXFileReference; lastKnownFileType = sourcecode.swift; path = UserStartView.swift; sourceTree = "<group>"; };
		5B07E6882BC6BFD8001E5DFF /* Post.swift */ = {isa = PBXFileReference; lastKnownFileType = sourcecode.swift; path = Post.swift; sourceTree = "<group>"; };
		5B07E68D2BC6C0C9001E5DFF /* FeedViewModel.swift */ = {isa = PBXFileReference; lastKnownFileType = sourcecode.swift; path = FeedViewModel.swift; sourceTree = "<group>"; };
		5B07E68F2BC6C6BE001E5DFF /* CustomViewPlayer.swift */ = {isa = PBXFileReference; lastKnownFileType = sourcecode.swift; path = CustomViewPlayer.swift; sourceTree = "<group>"; };
		5B967C302BC8290D0017E9E3 /* DotsView.swift */ = {isa = PBXFileReference; lastKnownFileType = sourcecode.swift; path = DotsView.swift; sourceTree = "<group>"; };
		5BDA509F2BD2A24C008F0A18 /* HomeModel.swift */ = {isa = PBXFileReference; lastKnownFileType = sourcecode.swift; path = HomeModel.swift; sourceTree = "<group>"; };
		5BE7191F2BC3A2E1008F70B4 /* TikTok-Clone.app */ = {isa = PBXFileReference; explicitFileType = wrapper.application; includeInIndex = 0; path = "TikTok-Clone.app"; sourceTree = BUILT_PRODUCTS_DIR; };
		5BE719222BC3A2E1008F70B4 /* TikTokCloneAppApp.swift */ = {isa = PBXFileReference; lastKnownFileType = sourcecode.swift; path = TikTokCloneAppApp.swift; sourceTree = "<group>"; };
		5BE719262BC3A2E3008F70B4 /* Assets.xcassets */ = {isa = PBXFileReference; lastKnownFileType = folder.assetcatalog; path = Assets.xcassets; sourceTree = "<group>"; };
		5BE719292BC3A2E3008F70B4 /* Preview Assets.xcassets */ = {isa = PBXFileReference; lastKnownFileType = folder.assetcatalog; path = "Preview Assets.xcassets"; sourceTree = "<group>"; };
		5BE7193F2BC3A592008F70B4 /* MainView.swift */ = {isa = PBXFileReference; lastKnownFileType = sourcecode.swift; path = MainView.swift; sourceTree = "<group>"; };
		5BE719412BC40AEF008F70B4 /* NewFeedView.swift */ = {isa = PBXFileReference; lastKnownFileType = sourcecode.swift; path = NewFeedView.swift; sourceTree = "<group>"; };
		5BE719432BC40CC3008F70B4 /* NewFeedCell.swift */ = {isa = PBXFileReference; lastKnownFileType = sourcecode.swift; path = NewFeedCell.swift; sourceTree = "<group>"; };
		5BE719452BC413E1008F70B4 /* ExploreView.swift */ = {isa = PBXFileReference; lastKnownFileType = sourcecode.swift; path = ExploreView.swift; sourceTree = "<group>"; };
		5BE719472BC41400008F70B4 /* UserCell.swift */ = {isa = PBXFileReference; lastKnownFileType = sourcecode.swift; path = UserCell.swift; sourceTree = "<group>"; };
		5BE719492BC41608008F70B4 /* NotificationView.swift */ = {isa = PBXFileReference; lastKnownFileType = sourcecode.swift; path = NotificationView.swift; sourceTree = "<group>"; };
		5BE7194B2BC41612008F70B4 /* NotificationCell.swift */ = {isa = PBXFileReference; lastKnownFileType = sourcecode.swift; path = NotificationCell.swift; sourceTree = "<group>"; };
		5BE820CC2BC9407100FC6540 /* TabBarView.swift */ = {isa = PBXFileReference; lastKnownFileType = sourcecode.swift; path = TabBarView.swift; sourceTree = "<group>"; };
		5BE820CE2BC96FB800FC6540 /* MarqueeText.swift */ = {isa = PBXFileReference; lastKnownFileType = sourcecode.swift; path = MarqueeText.swift; sourceTree = "<group>"; };
/* End PBXFileReference section */

/* Begin PBXFrameworksBuildPhase section */
		5BE7191C2BC3A2E1008F70B4 /* Frameworks */ = {
			isa = PBXFrameworksBuildPhase;
			buildActionMask = 2147483647;
			files = (
			);
			runOnlyForDeploymentPostprocessing = 0;
		};
/* End PBXFrameworksBuildPhase section */

/* Begin PBXGroup section */
		5B07E6842BC6BAE6001E5DFF /* Components */ = {
			isa = PBXGroup;
			children = (
				5B07E6822BC6A6BA001E5DFF /* PostGridView.swift */,
				5B07E6802BC6A6A4001E5DFF /* ProfileHeaderView.swift */,
				5B07E6862BC6BB2B001E5DFF /* UserStartView.swift */,
			);
			path = Components;
			sourceTree = "<group>";
		};
		5B07E6852BC6BAE9001E5DFF /* View */ = {
			isa = PBXGroup;
			children = (
			);
			path = View;
			sourceTree = "<group>";
		};
		5B07E68B2BC6C07A001E5DFF /* View */ = {
			isa = PBXGroup;
			children = (
				5BE719412BC40AEF008F70B4 /* NewFeedView.swift */,
				5BE719432BC40CC3008F70B4 /* NewFeedCell.swift */,
			);
			path = View;
			sourceTree = "<group>";
		};
		5B07E68C2BC6C07D001E5DFF /* Service */ = {
			isa = PBXGroup;
			children = (
			);
			path = Service;
			sourceTree = "<group>";
		};
		5BE719162BC3A2E1008F70B4 = {
			isa = PBXGroup;
			children = (
				5BE719212BC3A2E1008F70B4 /* TikTokCloneApp */,
				5BE719202BC3A2E1008F70B4 /* Products */,
			);
			sourceTree = "<group>";
		};
		5BE719202BC3A2E1008F70B4 /* Products */ = {
			isa = PBXGroup;
			children = (
				5BE7191F2BC3A2E1008F70B4 /* TikTok-Clone.app */,
			);
			name = Products;
			sourceTree = "<group>";
		};
		5BE719212BC3A2E1008F70B4 /* TikTokCloneApp */ = {
			isa = PBXGroup;
			children = (
				5BE719352BC3A478008F70B4 /* App */,
				5BE719342BC3A472008F70B4 /* Core */,
				5BE719332BC3A463008F70B4 /* Extensions */,
				5BE719322BC3A45A008F70B4 /* Model */,
				5BE719312BC3A439008F70B4 /* Services */,
				5BE719302BC3A428008F70B4 /* Utils */,
				5BE719262BC3A2E3008F70B4 /* Assets.xcassets */,
				5BE719282BC3A2E3008F70B4 /* Preview Content */,
			);
			path = TikTokCloneApp;
			sourceTree = "<group>";
		};
		5BE719282BC3A2E3008F70B4 /* Preview Content */ = {
			isa = PBXGroup;
			children = (
				5BE719292BC3A2E3008F70B4 /* Preview Assets.xcassets */,
			);
			path = "Preview Content";
			sourceTree = "<group>";
		};
		5BE719302BC3A428008F70B4 /* Utils */ = {
			isa = PBXGroup;
			children = (
			);
			path = Utils;
			sourceTree = "<group>";
		};
		5BE719312BC3A439008F70B4 /* Services */ = {
			isa = PBXGroup;
			children = (
			);
			path = Services;
			sourceTree = "<group>";
		};
		5BE719322BC3A45A008F70B4 /* Model */ = {
			isa = PBXGroup;
			children = (
				5B07E68D2BC6C0C9001E5DFF /* FeedViewModel.swift */,
				5B07E6882BC6BFD8001E5DFF /* Post.swift */,
				5BDA509F2BD2A24C008F0A18 /* HomeModel.swift */,
			);
			path = Model;
			sourceTree = "<group>";
		};
		5BE719332BC3A463008F70B4 /* Extensions */ = {
			isa = PBXGroup;
			children = (
			);
			path = Extensions;
			sourceTree = "<group>";
		};
		5BE719342BC3A472008F70B4 /* Core */ = {
			isa = PBXGroup;
			children = (
				5BE7193E2BC3A50D008F70B4 /* Authentication */,
				5BE7193D2BC3A4F8008F70B4 /* Components */,
				5BE7193C2BC3A4F2008F70B4 /* NewFeed */,
				5BE7193B2BC3A4E6008F70B4 /* Notification */,
				5BE7193A2BC3A4DE008F70B4 /* Profile */,
				5BE719392BC3A4D3008F70B4 /* Root */,
				5BE719382BC3A498008F70B4 /* Search */,
				5BE719372BC3A491008F70B4 /* TabBar */,
				5BE719362BC3A480008F70B4 /* UploadMedia */,
			);
			path = Core;
			sourceTree = "<group>";
		};
		5BE719352BC3A478008F70B4 /* App */ = {
			isa = PBXGroup;
			children = (
				5BE719222BC3A2E1008F70B4 /* TikTokCloneAppApp.swift */,
			);
			path = App;
			sourceTree = "<group>";
		};
		5BE719362BC3A480008F70B4 /* UploadMedia */ = {
			isa = PBXGroup;
			children = (
			);
			path = UploadMedia;
			sourceTree = "<group>";
		};
		5BE719372BC3A491008F70B4 /* TabBar */ = {
			isa = PBXGroup;
			children = (
				5BE820CC2BC9407100FC6540 /* TabBarView.swift */,
			);
			path = TabBar;
			sourceTree = "<group>";
		};
		5BE719382BC3A498008F70B4 /* Search */ = {
			isa = PBXGroup;
			children = (
				5BE719452BC413E1008F70B4 /* ExploreView.swift */,
				5BE719472BC41400008F70B4 /* UserCell.swift */,
			);
			path = Search;
			sourceTree = "<group>";
		};
		5BE719392BC3A4D3008F70B4 /* Root */ = {
			isa = PBXGroup;
			children = (
				5BE7193F2BC3A592008F70B4 /* MainView.swift */,
			);
			path = Root;
			sourceTree = "<group>";
		};
		5BE7193A2BC3A4DE008F70B4 /* Profile */ = {
			isa = PBXGroup;
			children = (
				5B07E6842BC6BAE6001E5DFF /* Components */,
				5B07E6852BC6BAE9001E5DFF /* View */,
				5B07E67E2BC6A43E001E5DFF /* CurrentUserProfieView.swift */,
			);
			path = Profile;
			sourceTree = "<group>";
		};
		5BE7193B2BC3A4E6008F70B4 /* Notification */ = {
			isa = PBXGroup;
			children = (
				5BE719492BC41608008F70B4 /* NotificationView.swift */,
				5BE7194B2BC41612008F70B4 /* NotificationCell.swift */,
			);
			path = Notification;
			sourceTree = "<group>";
		};
		5BE7193C2BC3A4F2008F70B4 /* NewFeed */ = {
			isa = PBXGroup;
			children = (
				5B07E68C2BC6C07D001E5DFF /* Service */,
				5B07E68B2BC6C07A001E5DFF /* View */,
			);
			path = NewFeed;
			sourceTree = "<group>";
		};
		5BE7193D2BC3A4F8008F70B4 /* Components */ = {
			isa = PBXGroup;
			children = (
				5B07E68F2BC6C6BE001E5DFF /* CustomViewPlayer.swift */,
				5B967C302BC8290D0017E9E3 /* DotsView.swift */,
				5BE820CE2BC96FB800FC6540 /* MarqueeText.swift */,
			);
			path = Components;
			sourceTree = "<group>";
		};
		5BE7193E2BC3A50D008F70B4 /* Authentication */ = {
			isa = PBXGroup;
			children = (
			);
			path = Authentication;
			sourceTree = "<group>";
		};
/* End PBXGroup section */

/* Begin PBXNativeTarget section */
		5BE7191E2BC3A2E1008F70B4 /* TikTok-Clone */ = {
			isa = PBXNativeTarget;
			buildConfigurationList = 5BE7192D2BC3A2E3008F70B4 /* Build configuration list for PBXNativeTarget "TikTok-Clone" */;
			buildPhases = (
				5BE7191B2BC3A2E1008F70B4 /* Sources */,
				5BE7191C2BC3A2E1008F70B4 /* Frameworks */,
				5BE7191D2BC3A2E1008F70B4 /* Resources */,
			);
			buildRules = (
			);
			dependencies = (
			);
			name = "TikTok-Clone";
			productName = TikTokCloneApp;
			productReference = 5BE7191F2BC3A2E1008F70B4 /* TikTok-Clone.app */;
			productType = "com.apple.product-type.application";
		};
/* End PBXNativeTarget section */

/* Begin PBXProject section */
		5BE719172BC3A2E1008F70B4 /* Project object */ = {
			isa = PBXProject;
			attributes = {
				BuildIndependentTargetsInParallel = 1;
				LastSwiftUpdateCheck = 1520;
				LastUpgradeCheck = 1520;
				TargetAttributes = {
					5BE7191E2BC3A2E1008F70B4 = {
						CreatedOnToolsVersion = 15.2;
					};
				};
			};
			buildConfigurationList = 5BE7191A2BC3A2E1008F70B4 /* Build configuration list for PBXProject "TikTokCloneApp" */;
			compatibilityVersion = "Xcode 14.0";
			developmentRegion = en;
			hasScannedForEncodings = 0;
			knownRegions = (
				en,
				Base,
			);
			mainGroup = 5BE719162BC3A2E1008F70B4;
			productRefGroup = 5BE719202BC3A2E1008F70B4 /* Products */;
			projectDirPath = "";
			projectRoot = "";
			targets = (
				5BE7191E2BC3A2E1008F70B4 /* TikTok-Clone */,
			);
		};
/* End PBXProject section */

/* Begin PBXResourcesBuildPhase section */
		5BE7191D2BC3A2E1008F70B4 /* Resources */ = {
			isa = PBXResourcesBuildPhase;
			buildActionMask = 2147483647;
			files = (
				5BE7192A2BC3A2E3008F70B4 /* Preview Assets.xcassets in Resources */,
				5BE719272BC3A2E3008F70B4 /* Assets.xcassets in Resources */,
			);
			runOnlyForDeploymentPostprocessing = 0;
		};
/* End PBXResourcesBuildPhase section */

/* Begin PBXSourcesBuildPhase section */
		5BE7191B2BC3A2E1008F70B4 /* Sources */ = {
			isa = PBXSourcesBuildPhase;
			buildActionMask = 2147483647;
			files = (
				5BE820CD2BC9407100FC6540 /* TabBarView.swift in Sources */,
				5BE820CF2BC96FB800FC6540 /* MarqueeText.swift in Sources */,
				5B07E6872BC6BB2B001E5DFF /* UserStartView.swift in Sources */,
				5B967C312BC8290D0017E9E3 /* DotsView.swift in Sources */,
				5BDA50A02BD2A24C008F0A18 /* HomeModel.swift in Sources */,
				5BE7194C2BC41612008F70B4 /* NotificationCell.swift in Sources */,
				5B07E6812BC6A6A4001E5DFF /* ProfileHeaderView.swift in Sources */,
				5B07E6902BC6C6BE001E5DFF /* CustomViewPlayer.swift in Sources */,
				5B07E67F2BC6A43E001E5DFF /* CurrentUserProfieView.swift in Sources */,
				5B07E68E2BC6C0C9001E5DFF /* FeedViewModel.swift in Sources */,
				5B07E6892BC6BFD8001E5DFF /* Post.swift in Sources */,
				5BE719422BC40AEF008F70B4 /* NewFeedView.swift in Sources */,
				5BE719232BC3A2E1008F70B4 /* TikTokCloneAppApp.swift in Sources */,
				5BE7194A2BC41608008F70B4 /* NotificationView.swift in Sources */,
				5BE719402BC3A592008F70B4 /* MainView.swift in Sources */,
				5B07E6832BC6A6BA001E5DFF /* PostGridView.swift in Sources */,
				5BE719462BC413E1008F70B4 /* ExploreView.swift in Sources */,
				5BE719442BC40CC3008F70B4 /* NewFeedCell.swift in Sources */,
				5BE719482BC41400008F70B4 /* UserCell.swift in Sources */,
			);
			runOnlyForDeploymentPostprocessing = 0;
		};
/* End PBXSourcesBuildPhase section */

/* Begin XCBuildConfiguration section */
		5BE7192B2BC3A2E3008F70B4 /* Debug */ = {
			isa = XCBuildConfiguration;
			buildSettings = {
				ALWAYS_SEARCH_USER_PATHS = NO;
				ASSETCATALOG_COMPILER_GENERATE_SWIFT_ASSET_SYMBOL_EXTENSIONS = YES;
				CLANG_ANALYZER_NONNULL = YES;
				CLANG_ANALYZER_NUMBER_OBJECT_CONVERSION = YES_AGGRESSIVE;
				CLANG_CXX_LANGUAGE_STANDARD = "gnu++20";
				CLANG_ENABLE_MODULES = YES;
				CLANG_ENABLE_OBJC_ARC = YES;
				CLANG_ENABLE_OBJC_WEAK = YES;
				CLANG_WARN_BLOCK_CAPTURE_AUTORELEASING = YES;
				CLANG_WARN_BOOL_CONVERSION = YES;
				CLANG_WARN_COMMA = YES;
				CLANG_WARN_CONSTANT_CONVERSION = YES;
				CLANG_WARN_DEPRECATED_OBJC_IMPLEMENTATIONS = YES;
				CLANG_WARN_DIRECT_OBJC_ISA_USAGE = YES_ERROR;
				CLANG_WARN_DOCUMENTATION_COMMENTS = YES;
				CLANG_WARN_EMPTY_BODY = YES;
				CLANG_WARN_ENUM_CONVERSION = YES;
				CLANG_WARN_INFINITE_RECURSION = YES;
				CLANG_WARN_INT_CONVERSION = YES;
				CLANG_WARN_NON_LITERAL_NULL_CONVERSION = YES;
				CLANG_WARN_OBJC_IMPLICIT_RETAIN_SELF = YES;
				CLANG_WARN_OBJC_LITERAL_CONVERSION = YES;
				CLANG_WARN_OBJC_ROOT_CLASS = YES_ERROR;
				CLANG_WARN_QUOTED_INCLUDE_IN_FRAMEWORK_HEADER = YES;
				CLANG_WARN_RANGE_LOOP_ANALYSIS = YES;
				CLANG_WARN_STRICT_PROTOTYPES = YES;
				CLANG_WARN_SUSPICIOUS_MOVE = YES;
				CLANG_WARN_UNGUARDED_AVAILABILITY = YES_AGGRESSIVE;
				CLANG_WARN_UNREACHABLE_CODE = YES;
				CLANG_WARN__DUPLICATE_METHOD_MATCH = YES;
				COPY_PHASE_STRIP = NO;
				DEBUG_INFORMATION_FORMAT = dwarf;
				ENABLE_STRICT_OBJC_MSGSEND = YES;
				ENABLE_TESTABILITY = YES;
				ENABLE_USER_SCRIPT_SANDBOXING = YES;
				GCC_C_LANGUAGE_STANDARD = gnu17;
				GCC_DYNAMIC_NO_PIC = NO;
				GCC_NO_COMMON_BLOCKS = YES;
				GCC_OPTIMIZATION_LEVEL = 0;
				GCC_PREPROCESSOR_DEFINITIONS = (
					"DEBUG=1",
					"$(inherited)",
				);
				GCC_WARN_64_TO_32_BIT_CONVERSION = YES;
				GCC_WARN_ABOUT_RETURN_TYPE = YES_ERROR;
				GCC_WARN_UNDECLARED_SELECTOR = YES;
				GCC_WARN_UNINITIALIZED_AUTOS = YES_AGGRESSIVE;
				GCC_WARN_UNUSED_FUNCTION = YES;
				GCC_WARN_UNUSED_VARIABLE = YES;
				IPHONEOS_DEPLOYMENT_TARGET = 17.2;
				LOCALIZATION_PREFERS_STRING_CATALOGS = YES;
				MTL_ENABLE_DEBUG_INFO = INCLUDE_SOURCE;
				MTL_FAST_MATH = YES;
				ONLY_ACTIVE_ARCH = YES;
				SDKROOT = iphoneos;
				SWIFT_ACTIVE_COMPILATION_CONDITIONS = "DEBUG $(inherited)";
				SWIFT_OPTIMIZATION_LEVEL = "-Onone";
			};
			name = Debug;
		};
		5BE7192C2BC3A2E3008F70B4 /* Release */ = {
			isa = XCBuildConfiguration;
			buildSettings = {
				ALWAYS_SEARCH_USER_PATHS = NO;
				ASSETCATALOG_COMPILER_GENERATE_SWIFT_ASSET_SYMBOL_EXTENSIONS = YES;
				CLANG_ANALYZER_NONNULL = YES;
				CLANG_ANALYZER_NUMBER_OBJECT_CONVERSION = YES_AGGRESSIVE;
				CLANG_CXX_LANGUAGE_STANDARD = "gnu++20";
				CLANG_ENABLE_MODULES = YES;
				CLANG_ENABLE_OBJC_ARC = YES;
				CLANG_ENABLE_OBJC_WEAK = YES;
				CLANG_WARN_BLOCK_CAPTURE_AUTORELEASING = YES;
				CLANG_WARN_BOOL_CONVERSION = YES;
				CLANG_WARN_COMMA = YES;
				CLANG_WARN_CONSTANT_CONVERSION = YES;
				CLANG_WARN_DEPRECATED_OBJC_IMPLEMENTATIONS = YES;
				CLANG_WARN_DIRECT_OBJC_ISA_USAGE = YES_ERROR;
				CLANG_WARN_DOCUMENTATION_COMMENTS = YES;
				CLANG_WARN_EMPTY_BODY = YES;
				CLANG_WARN_ENUM_CONVERSION = YES;
				CLANG_WARN_INFINITE_RECURSION = YES;
				CLANG_WARN_INT_CONVERSION = YES;
				CLANG_WARN_NON_LITERAL_NULL_CONVERSION = YES;
				CLANG_WARN_OBJC_IMPLICIT_RETAIN_SELF = YES;
				CLANG_WARN_OBJC_LITERAL_CONVERSION = YES;
				CLANG_WARN_OBJC_ROOT_CLASS = YES_ERROR;
				CLANG_WARN_QUOTED_INCLUDE_IN_FRAMEWORK_HEADER = YES;
				CLANG_WARN_RANGE_LOOP_ANALYSIS = YES;
				CLANG_WARN_STRICT_PROTOTYPES = YES;
				CLANG_WARN_SUSPICIOUS_MOVE = YES;
				CLANG_WARN_UNGUARDED_AVAILABILITY = YES_AGGRESSIVE;
				CLANG_WARN_UNREACHABLE_CODE = YES;
				CLANG_WARN__DUPLICATE_METHOD_MATCH = YES;
				COPY_PHASE_STRIP = NO;
				DEBUG_INFORMATION_FORMAT = "dwarf-with-dsym";
				ENABLE_NS_ASSERTIONS = NO;
				ENABLE_STRICT_OBJC_MSGSEND = YES;
				ENABLE_USER_SCRIPT_SANDBOXING = YES;
				GCC_C_LANGUAGE_STANDARD = gnu17;
				GCC_NO_COMMON_BLOCKS = YES;
				GCC_WARN_64_TO_32_BIT_CONVERSION = YES;
				GCC_WARN_ABOUT_RETURN_TYPE = YES_ERROR;
				GCC_WARN_UNDECLARED_SELECTOR = YES;
				GCC_WARN_UNINITIALIZED_AUTOS = YES_AGGRESSIVE;
				GCC_WARN_UNUSED_FUNCTION = YES;
				GCC_WARN_UNUSED_VARIABLE = YES;
				IPHONEOS_DEPLOYMENT_TARGET = 17.2;
				LOCALIZATION_PREFERS_STRING_CATALOGS = YES;
				MTL_ENABLE_DEBUG_INFO = NO;
				MTL_FAST_MATH = YES;
				SDKROOT = iphoneos;
				SWIFT_COMPILATION_MODE = wholemodule;
				VALIDATE_PRODUCT = YES;
			};
			name = Release;
		};
		5BE7192E2BC3A2E3008F70B4 /* Debug */ = {
			isa = XCBuildConfiguration;
			buildSettings = {
				ASSETCATALOG_COMPILER_APPICON_NAME = AppIcon;
				ASSETCATALOG_COMPILER_GLOBAL_ACCENT_COLOR_NAME = AccentColor;
				CODE_SIGN_STYLE = Automatic;
				CURRENT_PROJECT_VERSION = 1;
				DEVELOPMENT_ASSET_PATHS = "\"TikTokCloneApp/Preview Content\"";
				ENABLE_PREVIEWS = YES;
				GENERATE_INFOPLIST_FILE = YES;
				INFOPLIST_KEY_UIApplicationSceneManifest_Generation = YES;
				INFOPLIST_KEY_UIApplicationSupportsIndirectInputEvents = YES;
				INFOPLIST_KEY_UILaunchScreen_Generation = YES;
				INFOPLIST_KEY_UISupportedInterfaceOrientations_iPad = "UIInterfaceOrientationPortrait UIInterfaceOrientationPortraitUpsideDown UIInterfaceOrientationLandscapeLeft UIInterfaceOrientationLandscapeRight";
				INFOPLIST_KEY_UISupportedInterfaceOrientations_iPhone = "UIInterfaceOrientationPortrait UIInterfaceOrientationLandscapeLeft UIInterfaceOrientationLandscapeRight";
				LD_RUNPATH_SEARCH_PATHS = (
					"$(inherited)",
					"@executable_path/Frameworks",
				);
				MARKETING_VERSION = 1.0;
				PRODUCT_BUNDLE_IDENTIFIER = vn.app.swift.tiktok.clone.TikTokCloneApp;
				PRODUCT_NAME = "$(TARGET_NAME)";
				SWIFT_EMIT_LOC_STRINGS = YES;
				SWIFT_VERSION = 5.0;
				TARGETED_DEVICE_FAMILY = "1,2";
			};
			name = Debug;
		};
		5BE7192F2BC3A2E3008F70B4 /* Release */ = {
			isa = XCBuildConfiguration;
			buildSettings = {
				ASSETCATALOG_COMPILER_APPICON_NAME = AppIcon;
				ASSETCATALOG_COMPILER_GLOBAL_ACCENT_COLOR_NAME = AccentColor;
				CODE_SIGN_STYLE = Automatic;
				CURRENT_PROJECT_VERSION = 1;
				DEVELOPMENT_ASSET_PATHS = "\"TikTokCloneApp/Preview Content\"";
				ENABLE_PREVIEWS = YES;
				GENERATE_INFOPLIST_FILE = YES;
				INFOPLIST_KEY_UIApplicationSceneManifest_Generation = YES;
				INFOPLIST_KEY_UIApplicationSupportsIndirectInputEvents = YES;
				INFOPLIST_KEY_UILaunchScreen_Generation = YES;
				INFOPLIST_KEY_UISupportedInterfaceOrientations_iPad = "UIInterfaceOrientationPortrait UIInterfaceOrientationPortraitUpsideDown UIInterfaceOrientationLandscapeLeft UIInterfaceOrientationLandscapeRight";
				INFOPLIST_KEY_UISupportedInterfaceOrientations_iPhone = "UIInterfaceOrientationPortrait UIInterfaceOrientationLandscapeLeft UIInterfaceOrientationLandscapeRight";
				LD_RUNPATH_SEARCH_PATHS = (
					"$(inherited)",
					"@executable_path/Frameworks",
				);
				MARKETING_VERSION = 1.0;
				PRODUCT_BUNDLE_IDENTIFIER = vn.app.swift.tiktok.clone.TikTokCloneApp;
				PRODUCT_NAME = "$(TARGET_NAME)";
				SWIFT_EMIT_LOC_STRINGS = YES;
				SWIFT_VERSION = 5.0;
				TARGETED_DEVICE_FAMILY = "1,2";
			};
			name = Release;
		};
/* End XCBuildConfiguration section */

/* Begin XCConfigurationList section */
		5BE7191A2BC3A2E1008F70B4 /* Build configuration list for PBXProject "TikTokCloneApp" */ = {
			isa = XCConfigurationList;
			buildConfigurations = (
				5BE7192B2BC3A2E3008F70B4 /* Debug */,
				5BE7192C2BC3A2E3008F70B4 /* Release */,
			);
			defaultConfigurationIsVisible = 0;
			defaultConfigurationName = Release;
		};
		5BE7192D2BC3A2E3008F70B4 /* Build configuration list for PBXNativeTarget "TikTok-Clone" */ = {
			isa = XCConfigurationList;
			buildConfigurations = (
				5BE7192E2BC3A2E3008F70B4 /* Debug */,
				5BE7192F2BC3A2E3008F70B4 /* Release */,
			);
			defaultConfigurationIsVisible = 0;
			defaultConfigurationName = Release;
		};
/* End XCConfigurationList section */
	};
	rootObject = 5BE719172BC3A2E1008F70B4 /* Project object */;
}
